{
  "originHash" : "53767666e8d0d15861518af05e98f9e213e90d62819bbee2185bc86f6fdf555c",
  "pins" : [
    {
      "identity" : "logmanager",
      "kind" : "remoteSourceControl",
      "location" : "https://github.com/Appracatappra/LogManager",
      "state" : {
        "revision" : "bf916fa61fd3d3f006bcede8e9ca2d4910279478",
        "version" : "2.0.0"
      }
    },
    {
      "identity" : "swiftletutilities",
      "kind" : "remoteSourceControl",
      "location" : "https://github.com/Appracatappra/SwiftletUtilities.git",
      "state" : {
        "revision" : "b3564b394c7d81f02c8f62e821a38efa62a97d66",
        "version" : "2.0.1"
      }
    }
  ],
  "version" : 3
}
