{
  "object": {
    "pins": [
      {
        "package": "LogManager",
        "repositoryURL": "https://github.com/Appracatappra/LogManager",
        "state": {
          "branch": null,
          "revision": "aa1c1a9d15ea104a590df766af3f81da5afabab7",
          "version": "1.0.2"
        }
      },
      {
        "package": "SwiftletUtilities",
        "repositoryURL": "https://github.com/Appracatappra/SwiftletUtilities.git",
        "state": {
          "branch": null,
          "revision": "80e32875f11f82934d27a06f42b7f33789e0f65b",
          "version": "1.1.10"
        }
      }
    ]
  },
  "version": 1
}
